
Microsoft Visual Studio Solution File, Format Version 12.00
# Visual Studio 15
VisualStudioVersion = 15.0.27703.2047
MinimumVisualStudioVersion = 10.0.40219.1
Project("{FAE04EC0-301F-11D3-BF4B-00C04F79EFBC}") = "BlockChain", "BlockChain\BlockChain.csproj", "{D91E5A16-D9C3-492D-8729-6DCE94C7976C}"
EndProject
Project("{FAE04EC0-301F-11D3-BF4B-00C04F79EFBC}") = "BlockChain.Test", "BlockChain.Test\BlockChain.Test.csproj", "{D1162A29-2B4C-4DEA-AE1A-DA121DD3B4C0}"
EndProject
Global
	GlobalSection(SolutionConfigurationPlatforms) = preSolution
		Debug|Any CPU = Debug|Any CPU
		Release|Any CPU = Release|Any CPU
	EndGlobalSection
	GlobalSection(ProjectConfigurationPlatforms) = postSolution
		{D91E5A16-D9C3-492D-8729-6DCE94C7976C}.Debug|Any CPU.ActiveCfg = Debug|Any CPU
		{D91E5A16-D9C3-492D-8729-6DCE94C7976C}.Debug|Any CPU.Build.0 = Debug|Any CPU
		{D91E5A16-D9C3-492D-8729-6DCE94C7976C}.Release|Any CPU.ActiveCfg = Release|Any CPU
		{D91E5A16-D9C3-492D-8729-6DCE94C7976C}.Release|Any CPU.Build.0 = Release|Any CPU
		{D1162A29-2B4C-4DEA-AE1A-DA121DD3B4C0}.Debug|Any CPU.ActiveCfg = Debug|Any CPU
		{D1162A29-2B4C-4DEA-AE1A-DA121DD3B4C0}.Debug|Any CPU.Build.0 = Debug|Any CPU
		{D1162A29-2B4C-4DEA-AE1A-DA121DD3B4C0}.Release|Any CPU.ActiveCfg = Release|Any CPU
		{D1162A29-2B4C-4DEA-AE1A-DA121DD3B4C0}.Release|Any CPU.Build.0 = Release|Any CPU
	EndGlobalSection
	GlobalSection(SolutionProperties) = preSolution
		HideSolutionNode = FALSE
	EndGlobalSection
	GlobalSection(ExtensibilityGlobals) = postSolution
		SolutionGuid = {008DA22C-0BFE-4F8D-801C-BC3EEE098338}
	EndGlobalSection
EndGlobal
